<?xml version="1.0" encoding="utf-8"?>
<Project ToolsVersion="17.0" xmlns="http://schemas.microsoft.com/developer/msbuild/2003">
  <ItemGroup>
    <ClCompile Include="C:\Users\ihsan\Projects\Synthesia\VideoProcessingFramework\src\TC\src\MemoryInterfaces.cpp">
      <Filter>Source Files</Filter>
    </ClCompile>
    <ClCompile Include="C:\Users\ihsan\Projects\Synthesia\VideoProcessingFramework\src\TC\src\Tasks.cpp">
      <Filter>Source Files</Filter>
    </ClCompile>
    <ClCompile Include="C:\Users\ihsan\Projects\Synthesia\VideoProcessingFramework\src\TC\src\TasksColorCvt.cpp">
      <Filter>Source Files</Filter>
    </ClCompile>
    <ClCompile Include="C:\Users\ihsan\Projects\Synthesia\VideoProcessingFramework\src\TC\src\FFmpegDemuxer.cpp">
      <Filter>Source Files</Filter>
    </ClCompile>
    <ClCompile Include="C:\Users\ihsan\Projects\Synthesia\VideoProcessingFramework\src\TC\src\NvDecoder.cpp">
      <Filter>Source Files</Filter>
    </ClCompile>
    <ClCompile Include="C:\Users\ihsan\Projects\Synthesia\VideoProcessingFramework\src\TC\src\NvEncoder.cpp">
      <Filter>Source Files</Filter>
    </ClCompile>
    <ClCompile Include="C:\Users\ihsan\Projects\Synthesia\VideoProcessingFramework\src\TC\src\NvEncoderCuda.cpp">
      <Filter>Source Files</Filter>
    </ClCompile>
    <ClCompile Include="C:\Users\ihsan\Projects\Synthesia\VideoProcessingFramework\src\TC\src\NppCommon.cpp">
      <Filter>Source Files</Filter>
    </ClCompile>
    <ClCompile Include="C:\Users\ihsan\Projects\Synthesia\VideoProcessingFramework\src\TC\src\NvCodecCliOptions.cpp">
      <Filter>Source Files</Filter>
    </ClCompile>
    <ClCompile Include="C:\Users\ihsan\Projects\Synthesia\VideoProcessingFramework\src\TC\src\FfmpegSwDecoder.cpp">
      <Filter>Source Files</Filter>
    </ClCompile>
    <ClCompile Include="C:\Users\ihsan\Projects\Synthesia\VideoProcessingFramework\src\TC\src\tc_dlopen_windows.cpp">
      <Filter>Source Files</Filter>
    </ClCompile>
  </ItemGroup>
  <ItemGroup>
    <CudaCompile Include="..\..\..\VideoProcessingFramework\src\TC\src\Resize.cu">
      <Filter>Source Files</Filter>
    </CudaCompile>
  </ItemGroup>
  <ItemGroup>
    <CustomBuild Include="C:\Users\ihsan\Projects\Synthesia\VideoProcessingFramework\src\TC\CMakeLists.txt" />
  </ItemGroup>
  <ItemGroup>
    <Filter Include="Source Files">
      <UniqueIdentifier>{0EF77A7F-B4E4-3162-88DF-C6EF54C06603}</UniqueIdentifier>
    </Filter>
  </ItemGroup>
</Project>
