<?xml version="1.0" encoding="utf-8"?>
<Project ToolsVersion="17.0" xmlns="http://schemas.microsoft.com/developer/msbuild/2003">
  <ItemGroup>
    <ClCompile Include="C:\Users\ihsan\Projects\Synthesia\VideoProcessingFramework\src\TC\TC_CORE\src\Task.cpp">
      <Filter>Source Files</Filter>
    </ClCompile>
    <ClCompile Include="C:\Users\ihsan\Projects\Synthesia\VideoProcessingFramework\src\TC\TC_CORE\src\Token.cpp">
      <Filter>Source Files</Filter>
    </ClCompile>
  </ItemGroup>
  <ItemGroup>
    <CustomBuild Include="C:\Users\ihsan\Projects\Synthesia\VideoProcessingFramework\src\TC\TC_CORE\CMakeLists.txt" />
  </ItemGroup>
  <ItemGroup>
    <Filter Include="Source Files">
      <UniqueIdentifier>{0EF77A7F-B4E4-3162-88DF-C6EF54C06603}</UniqueIdentifier>
    </Filter>
  </ItemGroup>
</Project>
