<?xml version="1.0" encoding="utf-8"?>
<Project ToolsVersion="17.0" xmlns="http://schemas.microsoft.com/developer/msbuild/2003">
  <ItemGroup>
    <CustomBuild Include="C:\Users\ihsan\Projects\Synthesia\VPF_build\CMakeFiles\5f26cac5e31dfb42d4287aa6301c972c\INSTALL_force.rule">
      <Filter>CMake Rules</Filter>
    </CustomBuild>
  </ItemGroup>
  <ItemGroup>
    <Filter Include="CMake Rules">
      <UniqueIdentifier>{3835C867-AF01-3DDB-8E2C-8B2B0D62375B}</UniqueIdentifier>
    </Filter>
  </ItemGroup>
</Project>
