
Microsoft Visual Studio Solution File, Format Version 12.00
# Visual Studio Version 17
Project("{8BC9CEB8-8B4A-11D0-8D11-00A0C91BC942}") = "ALL_BUILD", "ALL_BUILD.vcxproj", "{AC865BB8-1A22-39D9-AA07-7B4226BA5B04}"
	ProjectSection(ProjectDependencies) = postProject
		{14BDD07E-C00B-3500-BE6B-DF0995D4A4FF} = {14BDD07E-C00B-3500-BE6B-DF0995D4A4FF}
		{7B216F14-03BE-335D-A1AA-BF6249721EC0} = {7B216F14-03BE-335D-A1AA-BF6249721EC0}
		{430DD4BF-312B-3D4B-8A4A-6C0C350A65EE} = {430DD4BF-312B-3D4B-8A4A-6C0C350A65EE}
		{982E5102-5F1B-33F3-A5A9-063B254C8EA1} = {982E5102-5F1B-33F3-A5A9-063B254C8EA1}
	EndProjectSection
EndProject
Project("{8BC9CEB8-8B4A-11D0-8D11-00A0C91BC942}") = "INSTALL", "INSTALL.vcxproj", "{DB911481-61C4-3280-9882-0212A1BC8B06}"
	ProjectSection(ProjectDependencies) = postProject
		{AC865BB8-1A22-39D9-AA07-7B4226BA5B04} = {AC865BB8-1A22-39D9-AA07-7B4226BA5B04}
		{430DD4BF-312B-3D4B-8A4A-6C0C350A65EE} = {430DD4BF-312B-3D4B-8A4A-6C0C350A65EE}
	EndProjectSection
EndProject
Project("{8BC9CEB8-8B4A-11D0-8D11-00A0C91BC942}") = "TC", "TC\TC.vcxproj", "{14BDD07E-C00B-3500-BE6B-DF0995D4A4FF}"
	ProjectSection(ProjectDependencies) = postProject
		{7B216F14-03BE-335D-A1AA-BF6249721EC0} = {7B216F14-03BE-335D-A1AA-BF6249721EC0}
		{430DD4BF-312B-3D4B-8A4A-6C0C350A65EE} = {430DD4BF-312B-3D4B-8A4A-6C0C350A65EE}
	EndProjectSection
EndProject
Project("{8BC9CEB8-8B4A-11D0-8D11-00A0C91BC942}") = "TC_CORE", "TC\TC_CORE\TC_CORE.vcxproj", "{7B216F14-03BE-335D-A1AA-BF6249721EC0}"
	ProjectSection(ProjectDependencies) = postProject
		{430DD4BF-312B-3D4B-8A4A-6C0C350A65EE} = {430DD4BF-312B-3D4B-8A4A-6C0C350A65EE}
	EndProjectSection
EndProject
Project("{8BC9CEB8-8B4A-11D0-8D11-00A0C91BC942}") = "ZERO_CHECK", "..\\ZERO_CHECK.vcxproj", "{430DD4BF-312B-3D4B-8A4A-6C0C350A65EE}"
	ProjectSection(ProjectDependencies) = postProject
	EndProjectSection
EndProject
Project("{8BC9CEB8-8B4A-11D0-8D11-00A0C91BC942}") = "_PyNvCodec", "PyNvCodec\_PyNvCodec.vcxproj", "{982E5102-5F1B-33F3-A5A9-063B254C8EA1}"
	ProjectSection(ProjectDependencies) = postProject
		{14BDD07E-C00B-3500-BE6B-DF0995D4A4FF} = {14BDD07E-C00B-3500-BE6B-DF0995D4A4FF}
		{7B216F14-03BE-335D-A1AA-BF6249721EC0} = {7B216F14-03BE-335D-A1AA-BF6249721EC0}
		{430DD4BF-312B-3D4B-8A4A-6C0C350A65EE} = {430DD4BF-312B-3D4B-8A4A-6C0C350A65EE}
	EndProjectSection
EndProject
Global
	GlobalSection(SolutionConfigurationPlatforms) = preSolution
		Debug|x64 = Debug|x64
		Release|x64 = Release|x64
		MinSizeRel|x64 = MinSizeRel|x64
		RelWithDebInfo|x64 = RelWithDebInfo|x64
	EndGlobalSection
	GlobalSection(ProjectConfigurationPlatforms) = postSolution
		{AC865BB8-1A22-39D9-AA07-7B4226BA5B04}.Debug|x64.ActiveCfg = Debug|x64
		{AC865BB8-1A22-39D9-AA07-7B4226BA5B04}.Debug|x64.Build.0 = Debug|x64
		{AC865BB8-1A22-39D9-AA07-7B4226BA5B04}.Release|x64.ActiveCfg = Release|x64
		{AC865BB8-1A22-39D9-AA07-7B4226BA5B04}.Release|x64.Build.0 = Release|x64
		{AC865BB8-1A22-39D9-AA07-7B4226BA5B04}.MinSizeRel|x64.ActiveCfg = MinSizeRel|x64
		{AC865BB8-1A22-39D9-AA07-7B4226BA5B04}.MinSizeRel|x64.Build.0 = MinSizeRel|x64
		{AC865BB8-1A22-39D9-AA07-7B4226BA5B04}.RelWithDebInfo|x64.ActiveCfg = RelWithDebInfo|x64
		{AC865BB8-1A22-39D9-AA07-7B4226BA5B04}.RelWithDebInfo|x64.Build.0 = RelWithDebInfo|x64
		{DB911481-61C4-3280-9882-0212A1BC8B06}.Debug|x64.ActiveCfg = Debug|x64
		{DB911481-61C4-3280-9882-0212A1BC8B06}.Release|x64.ActiveCfg = Release|x64
		{DB911481-61C4-3280-9882-0212A1BC8B06}.MinSizeRel|x64.ActiveCfg = MinSizeRel|x64
		{DB911481-61C4-3280-9882-0212A1BC8B06}.RelWithDebInfo|x64.ActiveCfg = RelWithDebInfo|x64
		{14BDD07E-C00B-3500-BE6B-DF0995D4A4FF}.Debug|x64.ActiveCfg = Debug|x64
		{14BDD07E-C00B-3500-BE6B-DF0995D4A4FF}.Debug|x64.Build.0 = Debug|x64
		{14BDD07E-C00B-3500-BE6B-DF0995D4A4FF}.Release|x64.ActiveCfg = Release|x64
		{14BDD07E-C00B-3500-BE6B-DF0995D4A4FF}.Release|x64.Build.0 = Release|x64
		{14BDD07E-C00B-3500-BE6B-DF0995D4A4FF}.MinSizeRel|x64.ActiveCfg = MinSizeRel|x64
		{14BDD07E-C00B-3500-BE6B-DF0995D4A4FF}.MinSizeRel|x64.Build.0 = MinSizeRel|x64
		{14BDD07E-C00B-3500-BE6B-DF0995D4A4FF}.RelWithDebInfo|x64.ActiveCfg = RelWithDebInfo|x64
		{14BDD07E-C00B-3500-BE6B-DF0995D4A4FF}.RelWithDebInfo|x64.Build.0 = RelWithDebInfo|x64
		{7B216F14-03BE-335D-A1AA-BF6249721EC0}.Debug|x64.ActiveCfg = Debug|x64
		{7B216F14-03BE-335D-A1AA-BF6249721EC0}.Debug|x64.Build.0 = Debug|x64
		{7B216F14-03BE-335D-A1AA-BF6249721EC0}.Release|x64.ActiveCfg = Release|x64
		{7B216F14-03BE-335D-A1AA-BF6249721EC0}.Release|x64.Build.0 = Release|x64
		{7B216F14-03BE-335D-A1AA-BF6249721EC0}.MinSizeRel|x64.ActiveCfg = MinSizeRel|x64
		{7B216F14-03BE-335D-A1AA-BF6249721EC0}.MinSizeRel|x64.Build.0 = MinSizeRel|x64
		{7B216F14-03BE-335D-A1AA-BF6249721EC0}.RelWithDebInfo|x64.ActiveCfg = RelWithDebInfo|x64
		{7B216F14-03BE-335D-A1AA-BF6249721EC0}.RelWithDebInfo|x64.Build.0 = RelWithDebInfo|x64
		{430DD4BF-312B-3D4B-8A4A-6C0C350A65EE}.Debug|x64.ActiveCfg = Debug|x64
		{430DD4BF-312B-3D4B-8A4A-6C0C350A65EE}.Debug|x64.Build.0 = Debug|x64
		{430DD4BF-312B-3D4B-8A4A-6C0C350A65EE}.Release|x64.ActiveCfg = Release|x64
		{430DD4BF-312B-3D4B-8A4A-6C0C350A65EE}.Release|x64.Build.0 = Release|x64
		{430DD4BF-312B-3D4B-8A4A-6C0C350A65EE}.MinSizeRel|x64.ActiveCfg = MinSizeRel|x64
		{430DD4BF-312B-3D4B-8A4A-6C0C350A65EE}.MinSizeRel|x64.Build.0 = MinSizeRel|x64
		{430DD4BF-312B-3D4B-8A4A-6C0C350A65EE}.RelWithDebInfo|x64.ActiveCfg = RelWithDebInfo|x64
		{430DD4BF-312B-3D4B-8A4A-6C0C350A65EE}.RelWithDebInfo|x64.Build.0 = RelWithDebInfo|x64
		{982E5102-5F1B-33F3-A5A9-063B254C8EA1}.Debug|x64.ActiveCfg = Debug|x64
		{982E5102-5F1B-33F3-A5A9-063B254C8EA1}.Debug|x64.Build.0 = Debug|x64
		{982E5102-5F1B-33F3-A5A9-063B254C8EA1}.Release|x64.ActiveCfg = Release|x64
		{982E5102-5F1B-33F3-A5A9-063B254C8EA1}.Release|x64.Build.0 = Release|x64
		{982E5102-5F1B-33F3-A5A9-063B254C8EA1}.MinSizeRel|x64.ActiveCfg = MinSizeRel|x64
		{982E5102-5F1B-33F3-A5A9-063B254C8EA1}.MinSizeRel|x64.Build.0 = MinSizeRel|x64
		{982E5102-5F1B-33F3-A5A9-063B254C8EA1}.RelWithDebInfo|x64.ActiveCfg = RelWithDebInfo|x64
		{982E5102-5F1B-33F3-A5A9-063B254C8EA1}.RelWithDebInfo|x64.Build.0 = RelWithDebInfo|x64
	EndGlobalSection
	GlobalSection(ExtensibilityGlobals) = postSolution
		SolutionGuid = {E39326AD-F083-31BC-B58A-C6E123846EBC}
	EndGlobalSection
	GlobalSection(ExtensibilityAddIns) = postSolution
	EndGlobalSection
EndGlobal
