<?xml version="1.0" encoding="utf-8"?>
<Project ToolsVersion="17.0" xmlns="http://schemas.microsoft.com/developer/msbuild/2003">
  <ItemGroup>
    <ClCompile Include="C:\Users\ihsan\Projects\Synthesia\VideoProcessingFramework\src\PyNvCodec\src\PyBufferUploader.cpp">
      <Filter>Source Files</Filter>
    </ClCompile>
    <ClCompile Include="C:\Users\ihsan\Projects\Synthesia\VideoProcessingFramework\src\PyNvCodec\src\PyCudaBufferDownloader.cpp">
      <Filter>Source Files</Filter>
    </ClCompile>
    <ClCompile Include="C:\Users\ihsan\Projects\Synthesia\VideoProcessingFramework\src\PyNvCodec\src\PyFFMpegDecoder.cpp">
      <Filter>Source Files</Filter>
    </ClCompile>
    <ClCompile Include="C:\Users\ihsan\Projects\Synthesia\VideoProcessingFramework\src\PyNvCodec\src\PyFFMpegDemuxer.cpp">
      <Filter>Source Files</Filter>
    </ClCompile>
    <ClCompile Include="C:\Users\ihsan\Projects\Synthesia\VideoProcessingFramework\src\PyNvCodec\src\PyFrameUploader.cpp">
      <Filter>Source Files</Filter>
    </ClCompile>
    <ClCompile Include="C:\Users\ihsan\Projects\Synthesia\VideoProcessingFramework\src\PyNvCodec\src\PyNvCodec.cpp">
      <Filter>Source Files</Filter>
    </ClCompile>
    <ClCompile Include="C:\Users\ihsan\Projects\Synthesia\VideoProcessingFramework\src\PyNvCodec\src\PyNvDecoder.cpp">
      <Filter>Source Files</Filter>
    </ClCompile>
    <ClCompile Include="C:\Users\ihsan\Projects\Synthesia\VideoProcessingFramework\src\PyNvCodec\src\PyNvEncoder.cpp">
      <Filter>Source Files</Filter>
    </ClCompile>
    <ClCompile Include="C:\Users\ihsan\Projects\Synthesia\VideoProcessingFramework\src\PyNvCodec\src\PySurface.cpp">
      <Filter>Source Files</Filter>
    </ClCompile>
    <ClCompile Include="C:\Users\ihsan\Projects\Synthesia\VideoProcessingFramework\src\PyNvCodec\src\PySurfaceConverter.cpp">
      <Filter>Source Files</Filter>
    </ClCompile>
    <ClCompile Include="C:\Users\ihsan\Projects\Synthesia\VideoProcessingFramework\src\PyNvCodec\src\PySurfaceDownloader.cpp">
      <Filter>Source Files</Filter>
    </ClCompile>
    <ClCompile Include="C:\Users\ihsan\Projects\Synthesia\VideoProcessingFramework\src\PyNvCodec\src\PySurfaceRemaper.cpp">
      <Filter>Source Files</Filter>
    </ClCompile>
    <ClCompile Include="C:\Users\ihsan\Projects\Synthesia\VideoProcessingFramework\src\PyNvCodec\src\PySurfaceResizer.cpp">
      <Filter>Source Files</Filter>
    </ClCompile>
  </ItemGroup>
  <ItemGroup>
    <CustomBuild Include="C:\Users\ihsan\Projects\Synthesia\VideoProcessingFramework\src\PyNvCodec\CMakeLists.txt" />
  </ItemGroup>
  <ItemGroup>
    <Filter Include="Source Files">
      <UniqueIdentifier>{0EF77A7F-B4E4-3162-88DF-C6EF54C06603}</UniqueIdentifier>
    </Filter>
  </ItemGroup>
</Project>
